{
    "_readme": [
        "This file locks the dependencies of your project to a known state",
        "Read more about it at https://getcomposer.org/doc/01-basic-usage.md#composer-lock-the-lock-file",
        "This file is @generated automatically"
    ],
    "hash": "617d1e56239bd4802b426bdfbc39c226",
    "content-hash": "e03b02f14a3b06a7b09910b5f2b0864a",
    "packages": [
        {
            "name": "aneo/cache",
            "version": "v1.0.0",
            "source": {
                "type": "git",
                "url": "https://github.com/ouonet/aneoCache.git",
                "reference": "d07b54e0a37a1c55a3541ee3182a64e5fd2e75f1"
            },
            "dist": {
                "type": "zip",
                "url": "https://packagist.phpcomposer.com/files/ouonet/aneoCache/d07b54e0a37a1c55a3541ee3182a64e5fd2e75f1.zip",
                "reference": "d07b54e0a37a1c55a3541ee3182a64e5fd2e75f1",
                "shasum": ""
            },
            "require": {
                "php": ">=5.3.0"
            },
            "type": "library",
            "autoload": {
                "psr-0": {
                    "aneo\\": "src/aneo"
                }
            },
            "notification-url": "https://packagist.org/downloads/",
            "license": [
                "MIT"
            ],
            "authors": [
                {
                    "name": "neo",
                    "email": "50157272@qq.com"
                }
            ],
            "description": "php cache library",
            "homepage": "https://github.com/ouonet/aneoCache",
            "time": "2016-03-11 11:02:24"
        }
    ],
    "packages-dev": [],
    "aliases": [],
    "minimum-stability": "stable",
    "stability-flags": [],
    "prefer-stable": false,
    "prefer-lowest": false,
    "platform": [],
    "platform-dev": []
}
